// !$*UTF8*$!
{
	archiveVersion = 1;
	classes = {
	};
	objectVersion = 50;
	objects = {

/* Begin PBXBuildFile section */
		426DF4ED23D593FC00F19F00 /* Apex.h in Headers */ = {isa = PBXBuildFile; fileRef = 426DF4EB23D593FC00F19F00 /* Apex.h */; settings = {ATTRIBUTES = (Public, ); }; };
		426DF50323D5972100F19F00 /* Apex.h in Headers */ = {isa = PBXBuildFile; fileRef = 426DF4EB23D593FC00F19F00 /* Apex.h */; settings = {ATTRIBUTES = (Public, ); }; };
		426DF50923D5982300F19F00 /* export.h in Headers */ = {isa = PBXBuildFile; fileRef = 426DF50723D5982300F19F00 /* export.h */; settings = {ATTRIBUTES = (Public, ); }; };
		426DF50A23D5982300F19F00 /* export.h in Headers */ = {isa = PBXBuildFile; fileRef = 426DF50723D5982300F19F00 /* export.h */; settings = {ATTRIBUTES = (Public, ); }; };
		426DF50B23D5982300F19F00 /* c.h in Headers */ = {isa = PBXBuildFile; fileRef = 426DF50823D5982300F19F00 /* c.h */; settings = {ATTRIBUTES = (Public, ); }; };
		426DF50C23D5982300F19F00 /* c.h in Headers */ = {isa = PBXBuildFile; fileRef = 426DF50823D5982300F19F00 /* c.h */; settings = {ATTRIBUTES = (Public, ); }; };
		426DF51423D59BF000F19F00 /* AppDelegate.swift in Sources */ = {isa = PBXBuildFile; fileRef = 426DF51323D59BF000F19F00 /* AppDelegate.swift */; };
		426DF51623D59BF000F19F00 /* SceneDelegate.swift in Sources */ = {isa = PBXBuildFile; fileRef = 426DF51523D59BF000F19F00 /* SceneDelegate.swift */; };
		426DF51823D59BF000F19F00 /* ContentView.swift in Sources */ = {isa = PBXBuildFile; fileRef = 426DF51723D59BF000F19F00 /* ContentView.swift */; };
		426DF51A23D59BF100F19F00 /* Assets.xcassets in Resources */ = {isa = PBXBuildFile; fileRef = 426DF51923D59BF100F19F00 /* Assets.xcassets */; };
		426DF51D23D59BF100F19F00 /* Preview Assets.xcassets in Resources */ = {isa = PBXBuildFile; fileRef = 426DF51C23D59BF100F19F00 /* Preview Assets.xcassets */; };
		426DF52023D59BF100F19F00 /* LaunchScreen.storyboard in Resources */ = {isa = PBXBuildFile; fileRef = 426DF51E23D59BF100F19F00 /* LaunchScreen.storyboard */; };
		426DF52623D59C0A00F19F00 /* Apex.framework in Frameworks */ = {isa = PBXBuildFile; fileRef = 426DF4E823D593FC00F19F00 /* Apex.framework */; };
		426DF52723D59C0A00F19F00 /* Apex.framework in Embed Frameworks */ = {isa = PBXBuildFile; fileRef = 426DF4E823D593FC00F19F00 /* Apex.framework */; settings = {ATTRIBUTES = (CodeSignOnCopy, RemoveHeadersOnCopy, ); }; };
		426DF52D23D59DC500F19F00 /* libleveldb.a in Frameworks */ = {isa = PBXBuildFile; fileRef = 426DF52B23D59D8200F19F00 /* libleveldb.a */; };
		426DF52E23D59DD000F19F00 /* libleveldb.a in Frameworks */ = {isa = PBXBuildFile; fileRef = 426DF52C23D59DA300F19F00 /* libleveldb.a */; };
		426DF53023D59DF400F19F00 /* libc++.tbd in Frameworks */ = {isa = PBXBuildFile; fileRef = 426DF52F23D59DEC00F19F00 /* libc++.tbd */; };
		426DF53123D59DFB00F19F00 /* libc++.tbd in Frameworks */ = {isa = PBXBuildFile; fileRef = 426DF52F23D59DEC00F19F00 /* libc++.tbd */; };
		45304002977A9E0B7100D651 /* Property.swift in Sources */ = {isa = PBXBuildFile; fileRef = 45304EBE0508567C494EF6AF /* Property.swift */; };
		4530401AA73B742258BE0748 /* Database.swift in Sources */ = {isa = PBXBuildFile; fileRef = 453049EACB268B2A55256440 /* Database.swift */; };
		453040E1A1FA47D95B272894 /* Apex.swift in Sources */ = {isa = PBXBuildFile; fileRef = 4530469F114908A8DDA339C6 /* Apex.swift */; };
		4530419FE1EBA38CC036FD36 /* Bool.Int.swift in Sources */ = {isa = PBXBuildFile; fileRef = 4530478C5174698367941AB2 /* Bool.Int.swift */; };
		453041B62B70F71CA354E836 /* WriteBatch.swift in Sources */ = {isa = PBXBuildFile; fileRef = 453046E0D5B18921E923B7C1 /* WriteBatch.swift */; };
		45304263836495CAFFAAD4C1 /* Environment.swift in Sources */ = {isa = PBXBuildFile; fileRef = 453045B39C64A68830DA8E9D /* Environment.swift */; };
		4530429C4D4B322F1D3F61CF /* ReadOption.swift in Sources */ = {isa = PBXBuildFile; fileRef = 453049C4B12157CC6D4D7BE7 /* ReadOption.swift */; };
		453042A6B0AF6377A28DFC6A /* LogFlag.swift in Sources */ = {isa = PBXBuildFile; fileRef = 4530453D9498E4EF54ED1F66 /* LogFlag.swift */; };
		453042C7B02DA7A567532CF9 /* Repairer.swift in Sources */ = {isa = PBXBuildFile; fileRef = 453049D4CC582E0C8B0F9037 /* Repairer.swift */; };
		453043712F4F8385D6438C75 /* Bool.Int.swift in Sources */ = {isa = PBXBuildFile; fileRef = 4530478C5174698367941AB2 /* Bool.Int.swift */; };
		4530437D4D780702CB989085 /* LogFlag.swift in Sources */ = {isa = PBXBuildFile; fileRef = 4530453D9498E4EF54ED1F66 /* LogFlag.swift */; };
		4530447B05952CD3D8BC3C2B /* ApexDemo.swift in Sources */ = {isa = PBXBuildFile; fileRef = 45304FFD901251B426F4F2E6 /* ApexDemo.swift */; };
		453044CD27F97DFE2D5C3EE7 /* ApexEnvironment.swift in Sources */ = {isa = PBXBuildFile; fileRef = 4530450EF3D7531ACE675A8E /* ApexEnvironment.swift */; };
		4530453C9FE9B1E44CCC4DA6 /* Error.swift in Sources */ = {isa = PBXBuildFile; fileRef = 453048ADC7962381057CC1FE /* Error.swift */; };
		453045464CEC9E6AF9A32B76 /* WriteOption.swift in Sources */ = {isa = PBXBuildFile; fileRef = 453046686554B57D49883DF9 /* WriteOption.swift */; };
		453045857208FE82BE7B4067 /* Environment.swift in Sources */ = {isa = PBXBuildFile; fileRef = 453045B39C64A68830DA8E9D /* Environment.swift */; };
		4530468BB3A39794D009C2F5 /* WriteOption.swift in Sources */ = {isa = PBXBuildFile; fileRef = 453046686554B57D49883DF9 /* WriteOption.swift */; };
		453046C8BC7FB2C3F9D9BAE1 /* Option.swift in Sources */ = {isa = PBXBuildFile; fileRef = 45304558EBA083D5B78A7ACC /* Option.swift */; };
		453047D2F7BF163E161FE8A2 /* ReadOption.swift in Sources */ = {isa = PBXBuildFile; fileRef = 453049C4B12157CC6D4D7BE7 /* ReadOption.swift */; };
		453048240FFC6C8A70DF3089 /* Apex.swift in Sources */ = {isa = PBXBuildFile; fileRef = 4530469F114908A8DDA339C6 /* Apex.swift */; };
		453048EDC508D67F25D02ECB /* Repairer.swift in Sources */ = {isa = PBXBuildFile; fileRef = 453049D4CC582E0C8B0F9037 /* Repairer.swift */; };
		4530493DB1EC49DFFF21E951 /* Option.swift in Sources */ = {isa = PBXBuildFile; fileRef = 45304558EBA083D5B78A7ACC /* Option.swift */; };
		4530498DC2C60CF29F905540 /* Database.swift in Sources */ = {isa = PBXBuildFile; fileRef = 453049EACB268B2A55256440 /* Database.swift */; };
		453049FC79DC32E00FEC36C1 /* Property.swift in Sources */ = {isa = PBXBuildFile; fileRef = 45304EBE0508567C494EF6AF /* Property.swift */; };
		45304BAFDFFFBBC1CF4BC760 /* Logger.swift in Sources */ = {isa = PBXBuildFile; fileRef = 453045EDA8E9C74823A61458 /* Logger.swift */; };
		45304E19B3F21638CE8D4BAB /* WriteBatch.swift in Sources */ = {isa = PBXBuildFile; fileRef = 453046E0D5B18921E923B7C1 /* WriteBatch.swift */; };
		45304F65CFA2D7D7F3A70013 /* Logger.swift in Sources */ = {isa = PBXBuildFile; fileRef = 453045EDA8E9C74823A61458 /* Logger.swift */; };
		45304FDAC7E650229DBE0DC3 /* Error.swift in Sources */ = {isa = PBXBuildFile; fileRef = 453048ADC7962381057CC1FE /* Error.swift */; };
/* End PBXBuildFile section */

/* Begin PBXContainerItemProxy section */
		426DF52823D59C0A00F19F00 /* PBXContainerItemProxy */ = {
			isa = PBXContainerItemProxy;
			containerPortal = 426DF4DF23D593FC00F19F00 /* Project object */;
			proxyType = 1;
			remoteGlobalIDString = 426DF4E723D593FC00F19F00;
			remoteInfo = Apex.iOS;
		};
/* End PBXContainerItemProxy section */

/* Begin PBXCopyFilesBuildPhase section */
		426DF52A23D59C0A00F19F00 /* Embed Frameworks */ = {
			isa = PBXCopyFilesBuildPhase;
			buildActionMask = 2147483647;
			dstPath = "";
			dstSubfolderSpec = 10;
			files = (
				426DF52723D59C0A00F19F00 /* Apex.framework in Embed Frameworks */,
			);
			name = "Embed Frameworks";
			runOnlyForDeploymentPostprocessing = 0;
		};
/* End PBXCopyFilesBuildPhase section */

/* Begin PBXFileReference section */
		421A818823D692B7009A5290 /* .gitattributes */ = {isa = PBXFileReference; lastKnownFileType = text; path = .gitattributes; sourceTree = "<group>"; };
		421A818923D692B7009A5290 /* .gitignore */ = {isa = PBXFileReference; lastKnownFileType = text; path = .gitignore; sourceTree = "<group>"; };
		421A818A23D692CA009A5290 /* README.md */ = {isa = PBXFileReference; lastKnownFileType = net.daringfireball.markdown; path = README.md; sourceTree = "<group>"; };
		426DF4E823D593FC00F19F00 /* Apex.framework */ = {isa = PBXFileReference; explicitFileType = wrapper.framework; includeInIndex = 0; path = Apex.framework; sourceTree = BUILT_PRODUCTS_DIR; };
		426DF4EB23D593FC00F19F00 /* Apex.h */ = {isa = PBXFileReference; lastKnownFileType = sourcecode.c.h; path = Apex.h; sourceTree = "<group>"; };
		426DF4EC23D593FC00F19F00 /* Info.plist */ = {isa = PBXFileReference; lastKnownFileType = text.plist.xml; path = Info.plist; sourceTree = "<group>"; };
		426DF4F823D5942300F19F00 /* Apex.framework */ = {isa = PBXFileReference; explicitFileType = wrapper.framework; includeInIndex = 0; path = Apex.framework; sourceTree = BUILT_PRODUCTS_DIR; };
		426DF50723D5982300F19F00 /* export.h */ = {isa = PBXFileReference; fileEncoding = 4; lastKnownFileType = sourcecode.c.h; path = export.h; sourceTree = "<group>"; };
		426DF50823D5982300F19F00 /* c.h */ = {isa = PBXFileReference; fileEncoding = 4; lastKnownFileType = sourcecode.c.h; path = c.h; sourceTree = "<group>"; };
		426DF51123D59BF000F19F00 /* Apex.iOS.Demo.app */ = {isa = PBXFileReference; explicitFileType = wrapper.application; includeInIndex = 0; path = Apex.iOS.Demo.app; sourceTree = BUILT_PRODUCTS_DIR; };
		426DF51323D59BF000F19F00 /* AppDelegate.swift */ = {isa = PBXFileReference; lastKnownFileType = sourcecode.swift; path = AppDelegate.swift; sourceTree = "<group>"; };
		426DF51523D59BF000F19F00 /* SceneDelegate.swift */ = {isa = PBXFileReference; lastKnownFileType = sourcecode.swift; path = SceneDelegate.swift; sourceTree = "<group>"; };
		426DF51723D59BF000F19F00 /* ContentView.swift */ = {isa = PBXFileReference; lastKnownFileType = sourcecode.swift; path = ContentView.swift; sourceTree = "<group>"; };
		426DF51923D59BF100F19F00 /* Assets.xcassets */ = {isa = PBXFileReference; lastKnownFileType = folder.assetcatalog; path = Assets.xcassets; sourceTree = "<group>"; };
		426DF51C23D59BF100F19F00 /* Preview Assets.xcassets */ = {isa = PBXFileReference; lastKnownFileType = folder.assetcatalog; path = "Preview Assets.xcassets"; sourceTree = "<group>"; };
		426DF51F23D59BF100F19F00 /* Base */ = {isa = PBXFileReference; lastKnownFileType = file.storyboard; name = Base; path = Base.lproj/LaunchScreen.storyboard; sourceTree = "<group>"; };
		426DF52123D59BF100F19F00 /* Info.plist */ = {isa = PBXFileReference; lastKnownFileType = text.plist.xml; path = Info.plist; sourceTree = "<group>"; };
		426DF52B23D59D8200F19F00 /* libleveldb.a */ = {isa = PBXFileReference; lastKnownFileType = archive.ar; name = libleveldb.a; path = ExternalLibrary/iOS/lib/libleveldb.a; sourceTree = "<group>"; };
		426DF52C23D59DA300F19F00 /* libleveldb.a */ = {isa = PBXFileReference; lastKnownFileType = archive.ar; name = libleveldb.a; path = ExternalLibrary/macOS/lib/libleveldb.a; sourceTree = "<group>"; };
		426DF52F23D59DEC00F19F00 /* libc++.tbd */ = {isa = PBXFileReference; lastKnownFileType = "sourcecode.text-based-dylib-definition"; name = "libc++.tbd"; path = "Platforms/MacOSX.platform/Developer/SDKs/MacOSX10.15.sdk/usr/lib/libc++.tbd"; sourceTree = DEVELOPER_DIR; };
		4530450EF3D7531ACE675A8E /* ApexEnvironment.swift */ = {isa = PBXFileReference; fileEncoding = 4; lastKnownFileType = sourcecode.swift; path = ApexEnvironment.swift; sourceTree = "<group>"; };
		4530453D9498E4EF54ED1F66 /* LogFlag.swift */ = {isa = PBXFileReference; fileEncoding = 4; lastKnownFileType = sourcecode.swift; path = LogFlag.swift; sourceTree = "<group>"; };
		45304558EBA083D5B78A7ACC /* Option.swift */ = {isa = PBXFileReference; fileEncoding = 4; lastKnownFileType = sourcecode.swift; path = Option.swift; sourceTree = "<group>"; };
		453045B39C64A68830DA8E9D /* Environment.swift */ = {isa = PBXFileReference; fileEncoding = 4; lastKnownFileType = sourcecode.swift; path = Environment.swift; sourceTree = "<group>"; };
		453045EDA8E9C74823A61458 /* Logger.swift */ = {isa = PBXFileReference; fileEncoding = 4; lastKnownFileType = sourcecode.swift; path = Logger.swift; sourceTree = "<group>"; };
		453046686554B57D49883DF9 /* WriteOption.swift */ = {isa = PBXFileReference; fileEncoding = 4; lastKnownFileType = sourcecode.swift; path = WriteOption.swift; sourceTree = "<group>"; };
		4530469F114908A8DDA339C6 /* Apex.swift */ = {isa = PBXFileReference; fileEncoding = 4; lastKnownFileType = sourcecode.swift; path = Apex.swift; sourceTree = "<group>"; };
		453046E0D5B18921E923B7C1 /* WriteBatch.swift */ = {isa = PBXFileReference; fileEncoding = 4; lastKnownFileType = sourcecode.swift; path = WriteBatch.swift; sourceTree = "<group>"; };
		4530478C5174698367941AB2 /* Bool.Int.swift */ = {isa = PBXFileReference; fileEncoding = 4; lastKnownFileType = sourcecode.swift; path = Bool.Int.swift; sourceTree = "<group>"; };
		453048ADC7962381057CC1FE /* Error.swift */ = {isa = PBXFileReference; fileEncoding = 4; lastKnownFileType = sourcecode.swift; path = Error.swift; sourceTree = "<group>"; };
		453049C4B12157CC6D4D7BE7 /* ReadOption.swift */ = {isa = PBXFileReference; fileEncoding = 4; lastKnownFileType = sourcecode.swift; path = ReadOption.swift; sourceTree = "<group>"; };
		453049D4CC582E0C8B0F9037 /* Repairer.swift */ = {isa = PBXFileReference; fileEncoding = 4; lastKnownFileType = sourcecode.swift; path = Repairer.swift; sourceTree = "<group>"; };
		453049EACB268B2A55256440 /* Database.swift */ = {isa = PBXFileReference; fileEncoding = 4; lastKnownFileType = sourcecode.swift; path = Database.swift; sourceTree = "<group>"; };
		45304EBE0508567C494EF6AF /* Property.swift */ = {isa = PBXFileReference; fileEncoding = 4; lastKnownFileType = sourcecode.swift; path = Property.swift; sourceTree = "<group>"; };
		45304FFD901251B426F4F2E6 /* ApexDemo.swift */ = {isa = PBXFileReference; fileEncoding = 4; lastKnownFileType = sourcecode.swift; path = ApexDemo.swift; sourceTree = "<group>"; };
/* End PBXFileReference section */

/* Begin PBXFrameworksBuildPhase section */
		426DF4E523D593FC00F19F00 /* Frameworks */ = {
			isa = PBXFrameworksBuildPhase;
			buildActionMask = 2147483647;
			files = (
				426DF53023D59DF400F19F00 /* libc++.tbd in Frameworks */,
				426DF52D23D59DC500F19F00 /* libleveldb.a in Frameworks */,
			);
			runOnlyForDeploymentPostprocessing = 0;
		};
		426DF4F523D5942300F19F00 /* Frameworks */ = {
			isa = PBXFrameworksBuildPhase;
			buildActionMask = 2147483647;
			files = (
				426DF53123D59DFB00F19F00 /* libc++.tbd in Frameworks */,
				426DF52E23D59DD000F19F00 /* libleveldb.a in Frameworks */,
			);
			runOnlyForDeploymentPostprocessing = 0;
		};
		426DF50E23D59BF000F19F00 /* Frameworks */ = {
			isa = PBXFrameworksBuildPhase;
			buildActionMask = 2147483647;
			files = (
				426DF52623D59C0A00F19F00 /* Apex.framework in Frameworks */,
			);
			runOnlyForDeploymentPostprocessing = 0;
		};
/* End PBXFrameworksBuildPhase section */

/* Begin PBXGroup section */
		426DF4DE23D593FC00F19F00 = {
			isa = PBXGroup;
			children = (
				421A818A23D692CA009A5290 /* README.md */,
				421A818823D692B7009A5290 /* .gitattributes */,
				421A818923D692B7009A5290 /* .gitignore */,
				426DF50623D5981400F19F00 /* C */,
				426DF50023D5957200F19F00 /* Source */,
				426DF4EA23D593FC00F19F00 /* Apex */,
				426DF51223D59BF000F19F00 /* Apex.iOS.Demo */,
				426DF4E923D593FC00F19F00 /* Products */,
				426DF52523D59C0A00F19F00 /* Frameworks */,
			);
			sourceTree = "<group>";
		};
		426DF4E923D593FC00F19F00 /* Products */ = {
			isa = PBXGroup;
			children = (
				426DF4E823D593FC00F19F00 /* Apex.framework */,
				426DF4F823D5942300F19F00 /* Apex.framework */,
				426DF51123D59BF000F19F00 /* Apex.iOS.Demo.app */,
			);
			name = Products;
			sourceTree = "<group>";
		};
		426DF4EA23D593FC00F19F00 /* Apex */ = {
			isa = PBXGroup;
			children = (
				426DF4EB23D593FC00F19F00 /* Apex.h */,
				426DF4EC23D593FC00F19F00 /* Info.plist */,
			);
			path = Apex;
			sourceTree = "<group>";
		};
		426DF50023D5957200F19F00 /* Source */ = {
			isa = PBXGroup;
			children = (
				4530469F114908A8DDA339C6 /* Apex.swift */,
				453043AD4479F85B0C11BC93 /* Database */,
				45304D89C49962061BB9719A /* Option */,
				453040DF3904C08B1F182A64 /* Repairer */,
				45304FA977D7FA60FE7AE63B /* Error */,
				4530430599C4188E5F686621 /* Environment */,
				453041852B00F606384418A4 /* Logger */,
				453042D8E7F7B1D0BE493244 /* Extension */,
				453043BC8728095373E38B91 /* Property */,
				45304769787A3E0E84A06876 /* WriteBatch */,
				4530411E2B89632D50F65A19 /* ReadOption */,
				45304BE8CEFD903FDF3CDF8A /* WriteOption */,
				453049A033F05C0B6FB7B7ED /* Snapshot */,
			);
			path = Source;
			sourceTree = "<group>";
		};
		426DF50623D5981400F19F00 /* C */ = {
			isa = PBXGroup;
			children = (
				426DF50823D5982300F19F00 /* c.h */,
				426DF50723D5982300F19F00 /* export.h */,
			);
			path = C;
			sourceTree = "<group>";
		};
		426DF51223D59BF000F19F00 /* Apex.iOS.Demo */ = {
			isa = PBXGroup;
			children = (
				453044DFD014E6839E910DD0 /* Apex */,
				426DF51323D59BF000F19F00 /* AppDelegate.swift */,
				426DF51523D59BF000F19F00 /* SceneDelegate.swift */,
				426DF51723D59BF000F19F00 /* ContentView.swift */,
				426DF51923D59BF100F19F00 /* Assets.xcassets */,
				426DF51E23D59BF100F19F00 /* LaunchScreen.storyboard */,
				426DF52123D59BF100F19F00 /* Info.plist */,
				426DF51B23D59BF100F19F00 /* Preview Content */,
			);
			path = Apex.iOS.Demo;
			sourceTree = "<group>";
		};
		426DF51B23D59BF100F19F00 /* Preview Content */ = {
			isa = PBXGroup;
			children = (
				426DF51C23D59BF100F19F00 /* Preview Assets.xcassets */,
			);
			path = "Preview Content";
			sourceTree = "<group>";
		};
		426DF52523D59C0A00F19F00 /* Frameworks */ = {
			isa = PBXGroup;
			children = (
				426DF52F23D59DEC00F19F00 /* libc++.tbd */,
				426DF52C23D59DA300F19F00 /* libleveldb.a */,
				426DF52B23D59D8200F19F00 /* libleveldb.a */,
			);
			name = Frameworks;
			sourceTree = "<group>";
		};
		453040DF3904C08B1F182A64 /* Repairer */ = {
			isa = PBXGroup;
			children = (
				453049D4CC582E0C8B0F9037 /* Repairer.swift */,
			);
			path = Repairer;
			sourceTree = "<group>";
		};
		4530411E2B89632D50F65A19 /* ReadOption */ = {
			isa = PBXGroup;
			children = (
				453049C4B12157CC6D4D7BE7 /* ReadOption.swift */,
			);
			path = ReadOption;
			sourceTree = "<group>";
		};
		453041852B00F606384418A4 /* Logger */ = {
			isa = PBXGroup;
			children = (
				453045EDA8E9C74823A61458 /* Logger.swift */,
			);
			path = Logger;
			sourceTree = "<group>";
		};
		453042D8E7F7B1D0BE493244 /* Extension */ = {
			isa = PBXGroup;
			children = (
				4530478C5174698367941AB2 /* Bool.Int.swift */,
			);
			path = Extension;
			sourceTree = "<group>";
		};
		4530430599C4188E5F686621 /* Environment */ = {
			isa = PBXGroup;
			children = (
				4530453D9498E4EF54ED1F66 /* LogFlag.swift */,
				453045B39C64A68830DA8E9D /* Environment.swift */,
			);
			path = Environment;
			sourceTree = "<group>";
		};
		453043AD4479F85B0C11BC93 /* Database */ = {
			isa = PBXGroup;
			children = (
				453049EACB268B2A55256440 /* Database.swift */,
			);
			path = Database;
			sourceTree = "<group>";
		};
		453043BC8728095373E38B91 /* Property */ = {
			isa = PBXGroup;
			children = (
				45304EBE0508567C494EF6AF /* Property.swift */,
			);
			path = Property;
			sourceTree = "<group>";
		};
		453044DFD014E6839E910DD0 /* Apex */ = {
			isa = PBXGroup;
			children = (
				4530450EF3D7531ACE675A8E /* ApexEnvironment.swift */,
				45304FFD901251B426F4F2E6 /* ApexDemo.swift */,
			);
			path = Apex;
			sourceTree = "<group>";
		};
		45304769787A3E0E84A06876 /* WriteBatch */ = {
			isa = PBXGroup;
			children = (
				453046E0D5B18921E923B7C1 /* WriteBatch.swift */,
			);
			path = WriteBatch;
			sourceTree = "<group>";
		};
		453049A033F05C0B6FB7B7ED /* Snapshot */ = {
			isa = PBXGroup;
			children = (
			);
			path = Snapshot;
			sourceTree = "<group>";
		};
		45304BE8CEFD903FDF3CDF8A /* WriteOption */ = {
			isa = PBXGroup;
			children = (
				453046686554B57D49883DF9 /* WriteOption.swift */,
			);
			path = WriteOption;
			sourceTree = "<group>";
		};
		45304D89C49962061BB9719A /* Option */ = {
			isa = PBXGroup;
			children = (
				45304558EBA083D5B78A7ACC /* Option.swift */,
			);
			path = Option;
			sourceTree = "<group>";
		};
		45304FA977D7FA60FE7AE63B /* Error */ = {
			isa = PBXGroup;
			children = (
				453048ADC7962381057CC1FE /* Error.swift */,
			);
			path = Error;
			sourceTree = "<group>";
		};
/* End PBXGroup section */

/* Begin PBXHeadersBuildPhase section */
		426DF4E323D593FC00F19F00 /* Headers */ = {
			isa = PBXHeadersBuildPhase;
			buildActionMask = 2147483647;
			files = (
				426DF50B23D5982300F19F00 /* c.h in Headers */,
				426DF50923D5982300F19F00 /* export.h in Headers */,
				426DF4ED23D593FC00F19F00 /* Apex.h in Headers */,
			);
			runOnlyForDeploymentPostprocessing = 0;
		};
		426DF4F323D5942300F19F00 /* Headers */ = {
			isa = PBXHeadersBuildPhase;
			buildActionMask = 2147483647;
			files = (
				426DF50C23D5982300F19F00 /* c.h in Headers */,
				426DF50A23D5982300F19F00 /* export.h in Headers */,
				426DF50323D5972100F19F00 /* Apex.h in Headers */,
			);
			runOnlyForDeploymentPostprocessing = 0;
		};
/* End PBXHeadersBuildPhase section */

/* Begin PBXNativeTarget section */
		426DF4E723D593FC00F19F00 /* Apex.iOS */ = {
			isa = PBXNativeTarget;
			buildConfigurationList = 426DF4F023D593FC00F19F00 /* Build configuration list for PBXNativeTarget "Apex.iOS" */;
			buildPhases = (
				426DF4E323D593FC00F19F00 /* Headers */,
				426DF4E423D593FC00F19F00 /* Sources */,
				426DF4E523D593FC00F19F00 /* Frameworks */,
				426DF4E623D593FC00F19F00 /* Resources */,
			);
			buildRules = (
			);
			dependencies = (
			);
			name = Apex.iOS;
			productName = Apex;
			productReference = 426DF4E823D593FC00F19F00 /* Apex.framework */;
			productType = "com.apple.product-type.framework";
		};
		426DF4F723D5942300F19F00 /* Apex.macOS */ = {
			isa = PBXNativeTarget;
			buildConfigurationList = 426DF4FD23D5942300F19F00 /* Build configuration list for PBXNativeTarget "Apex.macOS" */;
			buildPhases = (
				426DF4F323D5942300F19F00 /* Headers */,
				426DF4F423D5942300F19F00 /* Sources */,
				426DF4F523D5942300F19F00 /* Frameworks */,
				426DF4F623D5942300F19F00 /* Resources */,
			);
			buildRules = (
			);
			dependencies = (
			);
			name = Apex.macOS;
			productName = Apex.macOS;
			productReference = 426DF4F823D5942300F19F00 /* Apex.framework */;
			productType = "com.apple.product-type.framework";
		};
		426DF51023D59BF000F19F00 /* Apex.iOS.Demo */ = {
			isa = PBXNativeTarget;
			buildConfigurationList = 426DF52423D59BF100F19F00 /* Build configuration list for PBXNativeTarget "Apex.iOS.Demo" */;
			buildPhases = (
				426DF50D23D59BF000F19F00 /* Sources */,
				426DF50E23D59BF000F19F00 /* Frameworks */,
				426DF50F23D59BF000F19F00 /* Resources */,
				426DF52A23D59C0A00F19F00 /* Embed Frameworks */,
			);
			buildRules = (
			);
			dependencies = (
				426DF52923D59C0A00F19F00 /* PBXTargetDependency */,
			);
			name = Apex.iOS.Demo;
			productName = Apex.iOS.Demo;
			productReference = 426DF51123D59BF000F19F00 /* Apex.iOS.Demo.app */;
			productType = "com.apple.product-type.application";
		};
/* End PBXNativeTarget section */

/* Begin PBXProject section */
		426DF4DF23D593FC00F19F00 /* Project object */ = {
			isa = PBXProject;
			attributes = {
				LastSwiftUpdateCheck = 1130;
				LastUpgradeCheck = 1130;
				ORGANIZATIONNAME = "Mengyu Li";
				TargetAttributes = {
					426DF4E723D593FC00F19F00 = {
						CreatedOnToolsVersion = 11.3.1;
					};
					426DF4F723D5942300F19F00 = {
						CreatedOnToolsVersion = 11.3.1;
					};
					426DF51023D59BF000F19F00 = {
						CreatedOnToolsVersion = 11.3.1;
					};
				};
			};
			buildConfigurationList = 426DF4E223D593FC00F19F00 /* Build configuration list for PBXProject "Apex" */;
			compatibilityVersion = "Xcode 9.3";
			developmentRegion = en;
			hasScannedForEncodings = 0;
			knownRegions = (
				en,
				Base,
			);
			mainGroup = 426DF4DE23D593FC00F19F00;
			productRefGroup = 426DF4E923D593FC00F19F00 /* Products */;
			projectDirPath = "";
			projectRoot = "";
			targets = (
				426DF4E723D593FC00F19F00 /* Apex.iOS */,
				426DF4F723D5942300F19F00 /* Apex.macOS */,
				426DF51023D59BF000F19F00 /* Apex.iOS.Demo */,
			);
		};
/* End PBXProject section */

/* Begin PBXResourcesBuildPhase section */
		426DF4E623D593FC00F19F00 /* Resources */ = {
			isa = PBXResourcesBuildPhase;
			buildActionMask = 2147483647;
			files = (
			);
			runOnlyForDeploymentPostprocessing = 0;
		};
		426DF4F623D5942300F19F00 /* Resources */ = {
			isa = PBXResourcesBuildPhase;
			buildActionMask = 2147483647;
			files = (
			);
			runOnlyForDeploymentPostprocessing = 0;
		};
		426DF50F23D59BF000F19F00 /* Resources */ = {
			isa = PBXResourcesBuildPhase;
			buildActionMask = 2147483647;
			files = (
				426DF52023D59BF100F19F00 /* LaunchScreen.storyboard in Resources */,
				426DF51D23D59BF100F19F00 /* Preview Assets.xcassets in Resources */,
				426DF51A23D59BF100F19F00 /* Assets.xcassets in Resources */,
			);
			runOnlyForDeploymentPostprocessing = 0;
		};
/* End PBXResourcesBuildPhase section */

/* Begin PBXSourcesBuildPhase section */
		426DF4E423D593FC00F19F00 /* Sources */ = {
			isa = PBXSourcesBuildPhase;
			buildActionMask = 2147483647;
			files = (
				453048240FFC6C8A70DF3089 /* Apex.swift in Sources */,
				4530401AA73B742258BE0748 /* Database.swift in Sources */,
				453042A6B0AF6377A28DFC6A /* LogFlag.swift in Sources */,
				453045857208FE82BE7B4067 /* Environment.swift in Sources */,
				45304BAFDFFFBBC1CF4BC760 /* Logger.swift in Sources */,
				4530453C9FE9B1E44CCC4DA6 /* Error.swift in Sources */,
				453042C7B02DA7A567532CF9 /* Repairer.swift in Sources */,
				4530419FE1EBA38CC036FD36 /* Bool.Int.swift in Sources */,
				4530493DB1EC49DFFF21E951 /* Option.swift in Sources */,
				453049FC79DC32E00FEC36C1 /* Property.swift in Sources */,
				453041B62B70F71CA354E836 /* WriteBatch.swift in Sources */,
				453047D2F7BF163E161FE8A2 /* ReadOption.swift in Sources */,
				4530468BB3A39794D009C2F5 /* WriteOption.swift in Sources */,
			);
			runOnlyForDeploymentPostprocessing = 0;
		};
		426DF4F423D5942300F19F00 /* Sources */ = {
			isa = PBXSourcesBuildPhase;
			buildActionMask = 2147483647;
			files = (
				453040E1A1FA47D95B272894 /* Apex.swift in Sources */,
				4530498DC2C60CF29F905540 /* Database.swift in Sources */,
				4530437D4D780702CB989085 /* LogFlag.swift in Sources */,
				45304263836495CAFFAAD4C1 /* Environment.swift in Sources */,
				45304F65CFA2D7D7F3A70013 /* Logger.swift in Sources */,
				45304FDAC7E650229DBE0DC3 /* Error.swift in Sources */,
				453048EDC508D67F25D02ECB /* Repairer.swift in Sources */,
				453043712F4F8385D6438C75 /* Bool.Int.swift in Sources */,
				453046C8BC7FB2C3F9D9BAE1 /* Option.swift in Sources */,
				45304002977A9E0B7100D651 /* Property.swift in Sources */,
				45304E19B3F21638CE8D4BAB /* WriteBatch.swift in Sources */,
				4530429C4D4B322F1D3F61CF /* ReadOption.swift in Sources */,
				453045464CEC9E6AF9A32B76 /* WriteOption.swift in Sources */,
			);
			runOnlyForDeploymentPostprocessing = 0;
		};
		426DF50D23D59BF000F19F00 /* Sources */ = {
			isa = PBXSourcesBuildPhase;
			buildActionMask = 2147483647;
			files = (
				426DF51423D59BF000F19F00 /* AppDelegate.swift in Sources */,
				426DF51623D59BF000F19F00 /* SceneDelegate.swift in Sources */,
				426DF51823D59BF000F19F00 /* ContentView.swift in Sources */,
				453044CD27F97DFE2D5C3EE7 /* ApexEnvironment.swift in Sources */,
				4530447B05952CD3D8BC3C2B /* ApexDemo.swift in Sources */,
			);
			runOnlyForDeploymentPostprocessing = 0;
		};
/* End PBXSourcesBuildPhase section */

/* Begin PBXTargetDependency section */
		426DF52923D59C0A00F19F00 /* PBXTargetDependency */ = {
			isa = PBXTargetDependency;
			target = 426DF4E723D593FC00F19F00 /* Apex.iOS */;
			targetProxy = 426DF52823D59C0A00F19F00 /* PBXContainerItemProxy */;
		};
/* End PBXTargetDependency section */

/* Begin PBXVariantGroup section */
		426DF51E23D59BF100F19F00 /* LaunchScreen.storyboard */ = {
			isa = PBXVariantGroup;
			children = (
				426DF51F23D59BF100F19F00 /* Base */,
			);
			name = LaunchScreen.storyboard;
			sourceTree = "<group>";
		};
/* End PBXVariantGroup section */

/* Begin XCBuildConfiguration section */
		426DF4EE23D593FC00F19F00 /* Debug */ = {
			isa = XCBuildConfiguration;
			buildSettings = {
				ALWAYS_SEARCH_USER_PATHS = NO;
				CLANG_ANALYZER_NONNULL = YES;
				CLANG_ANALYZER_NUMBER_OBJECT_CONVERSION = YES_AGGRESSIVE;
				CLANG_CXX_LANGUAGE_STANDARD = "gnu++14";
				CLANG_CXX_LIBRARY = "libc++";
				CLANG_ENABLE_MODULES = YES;
				CLANG_ENABLE_OBJC_ARC = YES;
				CLANG_ENABLE_OBJC_WEAK = YES;
				CLANG_WARN_BLOCK_CAPTURE_AUTORELEASING = YES;
				CLANG_WARN_BOOL_CONVERSION = YES;
				CLANG_WARN_COMMA = YES;
				CLANG_WARN_CONSTANT_CONVERSION = YES;
				CLANG_WARN_DEPRECATED_OBJC_IMPLEMENTATIONS = YES;
				CLANG_WARN_DIRECT_OBJC_ISA_USAGE = YES_ERROR;
				CLANG_WARN_DOCUMENTATION_COMMENTS = YES;
				CLANG_WARN_EMPTY_BODY = YES;
				CLANG_WARN_ENUM_CONVERSION = YES;
				CLANG_WARN_INFINITE_RECURSION = YES;
				CLANG_WARN_INT_CONVERSION = YES;
				CLANG_WARN_NON_LITERAL_NULL_CONVERSION = YES;
				CLANG_WARN_OBJC_IMPLICIT_RETAIN_SELF = YES;
				CLANG_WARN_OBJC_LITERAL_CONVERSION = YES;
				CLANG_WARN_OBJC_ROOT_CLASS = YES_ERROR;
				CLANG_WARN_RANGE_LOOP_ANALYSIS = YES;
				CLANG_WARN_STRICT_PROTOTYPES = YES;
				CLANG_WARN_SUSPICIOUS_MOVE = YES;
				CLANG_WARN_UNGUARDED_AVAILABILITY = YES_AGGRESSIVE;
				CLANG_WARN_UNREACHABLE_CODE = YES;
				CLANG_WARN__DUPLICATE_METHOD_MATCH = YES;
				COPY_PHASE_STRIP = NO;
				CURRENT_PROJECT_VERSION = 1;
				DEBUG_INFORMATION_FORMAT = dwarf;
				ENABLE_STRICT_OBJC_MSGSEND = YES;
				ENABLE_TESTABILITY = YES;
				GCC_C_LANGUAGE_STANDARD = gnu11;
				GCC_DYNAMIC_NO_PIC = NO;
				GCC_NO_COMMON_BLOCKS = YES;
				GCC_OPTIMIZATION_LEVEL = 0;
				GCC_PREPROCESSOR_DEFINITIONS = (
					"DEBUG=1",
					"$(inherited)",
				);
				GCC_WARN_64_TO_32_BIT_CONVERSION = YES;
				GCC_WARN_ABOUT_RETURN_TYPE = YES_ERROR;
				GCC_WARN_UNDECLARED_SELECTOR = YES;
				GCC_WARN_UNINITIALIZED_AUTOS = YES_AGGRESSIVE;
				GCC_WARN_UNUSED_FUNCTION = YES;
				GCC_WARN_UNUSED_VARIABLE = YES;
				IPHONEOS_DEPLOYMENT_TARGET = 13.2;
				MTL_ENABLE_DEBUG_INFO = INCLUDE_SOURCE;
				MTL_FAST_MATH = YES;
				ONLY_ACTIVE_ARCH = YES;
				SDKROOT = iphoneos;
				SWIFT_ACTIVE_COMPILATION_CONDITIONS = DEBUG;
				SWIFT_OPTIMIZATION_LEVEL = "-Onone";
				VERSIONING_SYSTEM = "apple-generic";
				VERSION_INFO_PREFIX = "";
			};
			name = Debug;
		};
		426DF4EF23D593FC00F19F00 /* Release */ = {
			isa = XCBuildConfiguration;
			buildSettings = {
				ALWAYS_SEARCH_USER_PATHS = NO;
				CLANG_ANALYZER_NONNULL = YES;
				CLANG_ANALYZER_NUMBER_OBJECT_CONVERSION = YES_AGGRESSIVE;
				CLANG_CXX_LANGUAGE_STANDARD = "gnu++14";
				CLANG_CXX_LIBRARY = "libc++";
				CLANG_ENABLE_MODULES = YES;
				CLANG_ENABLE_OBJC_ARC = YES;
				CLANG_ENABLE_OBJC_WEAK = YES;
				CLANG_WARN_BLOCK_CAPTURE_AUTORELEASING = YES;
				CLANG_WARN_BOOL_CONVERSION = YES;
				CLANG_WARN_COMMA = YES;
				CLANG_WARN_CONSTANT_CONVERSION = YES;
				CLANG_WARN_DEPRECATED_OBJC_IMPLEMENTATIONS = YES;
				CLANG_WARN_DIRECT_OBJC_ISA_USAGE = YES_ERROR;
				CLANG_WARN_DOCUMENTATION_COMMENTS = YES;
				CLANG_WARN_EMPTY_BODY = YES;
				CLANG_WARN_ENUM_CONVERSION = YES;
				CLANG_WARN_INFINITE_RECURSION = YES;
				CLANG_WARN_INT_CONVERSION = YES;
				CLANG_WARN_NON_LITERAL_NULL_CONVERSION = YES;
				CLANG_WARN_OBJC_IMPLICIT_RETAIN_SELF = YES;
				CLANG_WARN_OBJC_LITERAL_CONVERSION = YES;
				CLANG_WARN_OBJC_ROOT_CLASS = YES_ERROR;
				CLANG_WARN_RANGE_LOOP_ANALYSIS = YES;
				CLANG_WARN_STRICT_PROTOTYPES = YES;
				CLANG_WARN_SUSPICIOUS_MOVE = YES;
				CLANG_WARN_UNGUARDED_AVAILABILITY = YES_AGGRESSIVE;
				CLANG_WARN_UNREACHABLE_CODE = YES;
				CLANG_WARN__DUPLICATE_METHOD_MATCH = YES;
				COPY_PHASE_STRIP = NO;
				CURRENT_PROJECT_VERSION = 1;
				DEBUG_INFORMATION_FORMAT = "dwarf-with-dsym";
				ENABLE_NS_ASSERTIONS = NO;
				ENABLE_STRICT_OBJC_MSGSEND = YES;
				GCC_C_LANGUAGE_STANDARD = gnu11;
				GCC_NO_COMMON_BLOCKS = YES;
				GCC_WARN_64_TO_32_BIT_CONVERSION = YES;
				GCC_WARN_ABOUT_RETURN_TYPE = YES_ERROR;
				GCC_WARN_UNDECLARED_SELECTOR = YES;
				GCC_WARN_UNINITIALIZED_AUTOS = YES_AGGRESSIVE;
				GCC_WARN_UNUSED_FUNCTION = YES;
				GCC_WARN_UNUSED_VARIABLE = YES;
				IPHONEOS_DEPLOYMENT_TARGET = 13.2;
				MTL_ENABLE_DEBUG_INFO = NO;
				MTL_FAST_MATH = YES;
				SDKROOT = iphoneos;
				SWIFT_COMPILATION_MODE = wholemodule;
				SWIFT_OPTIMIZATION_LEVEL = "-O";
				VALIDATE_PRODUCT = YES;
				VERSIONING_SYSTEM = "apple-generic";
				VERSION_INFO_PREFIX = "";
			};
			name = Release;
		};
		426DF4F123D593FC00F19F00 /* Debug */ = {
			isa = XCBuildConfiguration;
			buildSettings = {
				BUILD_LIBRARY_FOR_DISTRIBUTION = YES;
				CODE_SIGN_STYLE = Automatic;
				DEFINES_MODULE = YES;
				DEVELOPMENT_TEAM = HMEN575QY4;
				DYLIB_COMPATIBILITY_VERSION = 1;
				DYLIB_CURRENT_VERSION = 1;
				DYLIB_INSTALL_NAME_BASE = "@rpath";
				HEADER_SEARCH_PATHS = "$(PROJECT_DIR)/ExternalLibrary/iOS/include";
				INFOPLIST_FILE = Apex/Info.plist;
				INSTALL_PATH = "$(LOCAL_LIBRARY_DIR)/Frameworks";
				IPHONEOS_DEPLOYMENT_TARGET = 10.0;
				LD_RUNPATH_SEARCH_PATHS = (
					"$(inherited)",
					"@executable_path/Frameworks",
					"@loader_path/Frameworks",
				);
				LIBRARY_SEARCH_PATHS = "$(PROJECT_DIR)/ExternalLibrary/iOS/lib";
				PRODUCT_BUNDLE_IDENTIFIER = top.limengyu.Apex;
				PRODUCT_NAME = Apex;
				SKIP_INSTALL = YES;
				SWIFT_VERSION = 5.0;
				TARGETED_DEVICE_FAMILY = "1,2";
			};
			name = Debug;
		};
		426DF4F223D593FC00F19F00 /* Release */ = {
			isa = XCBuildConfiguration;
			buildSettings = {
				BUILD_LIBRARY_FOR_DISTRIBUTION = YES;
				CODE_SIGN_STYLE = Automatic;
				DEFINES_MODULE = YES;
				DEVELOPMENT_TEAM = HMEN575QY4;
				DYLIB_COMPATIBILITY_VERSION = 1;
				DYLIB_CURRENT_VERSION = 1;
				DYLIB_INSTALL_NAME_BASE = "@rpath";
				HEADER_SEARCH_PATHS = "$(PROJECT_DIR)/ExternalLibrary/iOS/include";
				INFOPLIST_FILE = Apex/Info.plist;
				INSTALL_PATH = "$(LOCAL_LIBRARY_DIR)/Frameworks";
				IPHONEOS_DEPLOYMENT_TARGET = 10.0;
				LD_RUNPATH_SEARCH_PATHS = (
					"$(inherited)",
					"@executable_path/Frameworks",
					"@loader_path/Frameworks",
				);
				LIBRARY_SEARCH_PATHS = "$(PROJECT_DIR)/ExternalLibrary/iOS/lib";
				PRODUCT_BUNDLE_IDENTIFIER = top.limengyu.Apex;
				PRODUCT_NAME = Apex;
				SKIP_INSTALL = YES;
				SWIFT_VERSION = 5.0;
				TARGETED_DEVICE_FAMILY = "1,2";
			};
			name = Release;
		};
		426DF4FE23D5942300F19F00 /* Debug */ = {
			isa = XCBuildConfiguration;
			buildSettings = {
				BUILD_LIBRARY_FOR_DISTRIBUTION = YES;
				CODE_SIGN_STYLE = Automatic;
				COMBINE_HIDPI_IMAGES = YES;
				DEFINES_MODULE = YES;
				DEVELOPMENT_TEAM = HMEN575QY4;
				DYLIB_COMPATIBILITY_VERSION = 1;
				DYLIB_CURRENT_VERSION = 1;
				DYLIB_INSTALL_NAME_BASE = "@rpath";
				HEADER_SEARCH_PATHS = "$(PROJECT_DIR)/ExternalLibrary/macOS/include";
				INFOPLIST_FILE = "$(SRCROOT)/Apex/Info.plist";
				INSTALL_PATH = "$(LOCAL_LIBRARY_DIR)/Frameworks";
				LD_RUNPATH_SEARCH_PATHS = (
					"$(inherited)",
					"@executable_path/../Frameworks",
					"@loader_path/Frameworks",
				);
				LIBRARY_SEARCH_PATHS = "$(PROJECT_DIR)/ExternalLibrary/macOS/lib";
				MACOSX_DEPLOYMENT_TARGET = 10.14;
				PRODUCT_BUNDLE_IDENTIFIER = top.limengyu.Apex;
				PRODUCT_NAME = Apex;
				SDKROOT = macosx;
				SKIP_INSTALL = YES;
				SWIFT_VERSION = 5.0;
				VALID_ARCHS = x86_64;
			};
			name = Debug;
		};
		426DF4FF23D5942300F19F00 /* Release */ = {
			isa = XCBuildConfiguration;
			buildSettings = {
				BUILD_LIBRARY_FOR_DISTRIBUTION = YES;
				CODE_SIGN_STYLE = Automatic;
				COMBINE_HIDPI_IMAGES = YES;
				DEFINES_MODULE = YES;
				DEVELOPMENT_TEAM = HMEN575QY4;
				DYLIB_COMPATIBILITY_VERSION = 1;
				DYLIB_CURRENT_VERSION = 1;
				DYLIB_INSTALL_NAME_BASE = "@rpath";
				HEADER_SEARCH_PATHS = "$(PROJECT_DIR)/ExternalLibrary/macOS/include";
				INFOPLIST_FILE = "$(SRCROOT)/Apex/Info.plist";
				INSTALL_PATH = "$(LOCAL_LIBRARY_DIR)/Frameworks";
				LD_RUNPATH_SEARCH_PATHS = (
					"$(inherited)",
					"@executable_path/../Frameworks",
					"@loader_path/Frameworks",
				);
				LIBRARY_SEARCH_PATHS = "$(PROJECT_DIR)/ExternalLibrary/macOS/lib";
				MACOSX_DEPLOYMENT_TARGET = 10.14;
				PRODUCT_BUNDLE_IDENTIFIER = top.limengyu.Apex;
				PRODUCT_NAME = Apex;
				SDKROOT = macosx;
				SKIP_INSTALL = YES;
				SWIFT_VERSION = 5.0;
				VALID_ARCHS = x86_64;
			};
			name = Release;
		};
		426DF52223D59BF100F19F00 /* Debug */ = {
			isa = XCBuildConfiguration;
			buildSettings = {
				ASSETCATALOG_COMPILER_APPICON_NAME = AppIcon;
				CODE_SIGN_STYLE = Automatic;
				DEVELOPMENT_ASSET_PATHS = "\"Apex.iOS.Demo/Preview Content\"";
				DEVELOPMENT_TEAM = HMEN575QY4;
				ENABLE_PREVIEWS = YES;
				INFOPLIST_FILE = Apex.iOS.Demo/Info.plist;
				IPHONEOS_DEPLOYMENT_TARGET = 13.0;
				LD_RUNPATH_SEARCH_PATHS = (
					"$(inherited)",
					"@executable_path/Frameworks",
				);
				PRODUCT_BUNDLE_IDENTIFIER = "top.limengyu.Apex-iOS-Demo";
				PRODUCT_NAME = "$(TARGET_NAME)";
				SWIFT_VERSION = 5.0;
				TARGETED_DEVICE_FAMILY = "1,2";
			};
			name = Debug;
		};
		426DF52323D59BF100F19F00 /* Release */ = {
			isa = XCBuildConfiguration;
			buildSettings = {
				ASSETCATALOG_COMPILER_APPICON_NAME = AppIcon;
				CODE_SIGN_STYLE = Automatic;
				DEVELOPMENT_ASSET_PATHS = "\"Apex.iOS.Demo/Preview Content\"";
				DEVELOPMENT_TEAM = HMEN575QY4;
				ENABLE_PREVIEWS = YES;
				INFOPLIST_FILE = Apex.iOS.Demo/Info.plist;
				IPHONEOS_DEPLOYMENT_TARGET = 13.0;
				LD_RUNPATH_SEARCH_PATHS = (
					"$(inherited)",
					"@executable_path/Frameworks",
				);
				PRODUCT_BUNDLE_IDENTIFIER = "top.limengyu.Apex-iOS-Demo";
				PRODUCT_NAME = "$(TARGET_NAME)";
				SWIFT_VERSION = 5.0;
				TARGETED_DEVICE_FAMILY = "1,2";
			};
			name = Release;
		};
/* End XCBuildConfiguration section */

/* Begin XCConfigurationList section */
		426DF4E223D593FC00F19F00 /* Build configuration list for PBXProject "Apex" */ = {
			isa = XCConfigurationList;
			buildConfigurations = (
				426DF4EE23D593FC00F19F00 /* Debug */,
				426DF4EF23D593FC00F19F00 /* Release */,
			);
			defaultConfigurationIsVisible = 0;
			defaultConfigurationName = Release;
		};
		426DF4F023D593FC00F19F00 /* Build configuration list for PBXNativeTarget "Apex.iOS" */ = {
			isa = XCConfigurationList;
			buildConfigurations = (
				426DF4F123D593FC00F19F00 /* Debug */,
				426DF4F223D593FC00F19F00 /* Release */,
			);
			defaultConfigurationIsVisible = 0;
			defaultConfigurationName = Release;
		};
		426DF4FD23D5942300F19F00 /* Build configuration list for PBXNativeTarget "Apex.macOS" */ = {
			isa = XCConfigurationList;
			buildConfigurations = (
				426DF4FE23D5942300F19F00 /* Debug */,
				426DF4FF23D5942300F19F00 /* Release */,
			);
			defaultConfigurationIsVisible = 0;
			defaultConfigurationName = Release;
		};
		426DF52423D59BF100F19F00 /* Build configuration list for PBXNativeTarget "Apex.iOS.Demo" */ = {
			isa = XCConfigurationList;
			buildConfigurations = (
				426DF52223D59BF100F19F00 /* Debug */,
				426DF52323D59BF100F19F00 /* Release */,
			);
			defaultConfigurationIsVisible = 0;
			defaultConfigurationName = Release;
		};
/* End XCConfigurationList section */
	};
	rootObject = 426DF4DF23D593FC00F19F00 /* Project object */;
}
